speakeasyVersion: 1.542.3
sources:
    novu-OAS:
        sourceNamespace: novu-oas
        sourceRevisionDigest: sha256:8c2e0ba44cce5546cc527d8291adfa791253fabe573d53f465c6209a563d8246
        sourceBlobDigest: sha256:f04198b64292d0a2b4da3e7a7a55aadd21ac4886552303c04a2a8f5dc0172cf5
        tags:
            - latest
            - speakeasy-sdk-regen-1742516026
            - 2.1.13
targets:
    novu:
        source: novu-OAS
        sourceNamespace: novu-oas
        sourceRevisionDigest: sha256:8c2e0ba44cce5546cc527d8291adfa791253fabe573d53f465c6209a563d8246
        sourceBlobDigest: sha256:f04198b64292d0a2b4da3e7a7a55aadd21ac4886552303c04a2a8f5dc0172cf5
        codeSamplesNamespace: novu-oas-go-code-samples
        codeSamplesRevisionDigest: sha256:07862ecd25e412c0b9a3ce433c02c52eb8788a7ea534e34d89374fb6803e0cec
workflow:
    workflowVersion: 1.0.0
    speakeasyVersion: latest
    sources:
        novu-OAS:
            inputs:
                - location: https://api.novu.co/openapi.sdk.yaml
            registry:
                location: registry.speakeasyapi.dev/novu/novu/novu-oas
    targets:
        novu:
            target: go
            source: novu-OAS
            codeSamples:
                registry:
                    location: registry.speakeasyapi.dev/novu/novu/novu-oas-go-code-samples
                labelOverride:
                    fixedValue: Go
                blocking: false
