speakeasyVersion: 1.622.1
sources:
    novu-OAS:
        sourceNamespace: novu-oas
        sourceRevisionDigest: sha256:a435a88213030634332078f5d24884718adc567dcb7e358b9a6311291f2b5749
        sourceBlobDigest: sha256:8aac5948d1a835d9cb7750d54062ec40b77d7841ce2ffe5c8150c51f9eb260b1
        tags:
            - latest
            - speakeasy-sdk-regen-1757549656
            - 3.9.0
targets:
    novu:
        source: novu-OAS
        sourceNamespace: novu-oas
        sourceRevisionDigest: sha256:a435a88213030634332078f5d24884718adc567dcb7e358b9a6311291f2b5749
        sourceBlobDigest: sha256:8aac5948d1a835d9cb7750d54062ec40b77d7841ce2ffe5c8150c51f9eb260b1
        codeSamplesNamespace: novu-oas-go-code-samples
        codeSamplesRevisionDigest: sha256:8ef679e775b9ea5bee1b23801cfcc437df03ac2a4c421f9e511b7124bcc4b1dd
workflow:
    workflowVersion: 1.0.0
    speakeasyVersion: latest
    sources:
        novu-OAS:
            inputs:
                - location: https://api.novu.co/openapi.sdk.yaml
            registry:
                location: registry.speakeasyapi.dev/novu/novu/novu-oas
    targets:
        novu:
            target: go
            source: novu-OAS
            codeSamples:
                registry:
                    location: registry.speakeasyapi.dev/novu/novu/novu-oas-go-code-samples
                labelOverride:
                    fixedValue: Go
                blocking: false
